<?xml version="1.0" encoding="UTF-8" standalone="yes" ?>
<CodeBlocks_project_file>
	<FileVersion major="1" minor="6" />
	<Project>
		<Option title="Cataclysm_AM" />
		<Option pch_mode="2" />
		<Option compiler="gcc" />
		<Build>
			<Target title="Debug">
				<Option output="bin/Debug/Cataclysm_AM" prefix_auto="1" extension_auto="1" />
				<Option object_output="obj/Debug/" />
				<Option type="1" />
				<Option compiler="gcc" />
				<Compiler>
					<Add option="-g" />
				</Compiler>
			</Target>
			<Target title="Release">
				<Option output="bin/Release/Cataclysm_AM" prefix_auto="1" extension_auto="1" />
				<Option object_output="obj/Release/" />
				<Option type="0" />
				<Option compiler="gcc" />
				<Compiler>
					<Add option="-O2" />
				</Compiler>
				<Linker>
					<Add option="-s" />
				</Linker>
			</Target>
		</Build>
		<Compiler>
			<Add option="-Wall" />
			<Add directory="C:/MinGW/SDL2/include" />
		</Compiler>
		<Linker>
			<Add library="mingw32" />
			<Add library="SDL2main" />
			<Add library="SDL2.dll" />
			<Add library="user32" />
			<Add library="gdi32" />
			<Add library="winmm" />
			<Add library="dxguid" />
			<Add directory="C:/MinGW/SDL2/lib" />
		</Linker>
		<ExtraCommands>
			<Add after="XCOPY $(#sdl2)\bin\*.dll $(TARGET_OUTPUT_DIR) /D /Y" />
		</ExtraCommands>
		<Unit filename="../nlohmann/adl_serializer.hpp" />
		<Unit filename="../nlohmann/detail/conversions/from_json.hpp" />
		<Unit filename="../nlohmann/detail/conversions/to_chars.hpp" />
		<Unit filename="../nlohmann/detail/conversions/to_json.hpp" />
		<Unit filename="../nlohmann/detail/exceptions.hpp" />
		<Unit filename="../nlohmann/detail/input/binary_reader.hpp" />
		<Unit filename="../nlohmann/detail/input/input_adapters.hpp" />
		<Unit filename="../nlohmann/detail/input/lexer.hpp" />
		<Unit filename="../nlohmann/detail/input/parser.hpp" />
		<Unit filename="../nlohmann/detail/iterators/internal_iterator.hpp" />
		<Unit filename="../nlohmann/detail/iterators/iter_impl.hpp" />
		<Unit filename="../nlohmann/detail/iterators/iteration_proxy.hpp" />
		<Unit filename="../nlohmann/detail/iterators/json_reverse_iterator.hpp" />
		<Unit filename="../nlohmann/detail/iterators/primitive_iterator.hpp" />
		<Unit filename="../nlohmann/detail/json_pointer.hpp" />
		<Unit filename="../nlohmann/detail/json_ref.hpp" />
		<Unit filename="../nlohmann/detail/macro_scope.hpp" />
		<Unit filename="../nlohmann/detail/macro_unscope.hpp" />
		<Unit filename="../nlohmann/detail/meta.hpp" />
		<Unit filename="../nlohmann/detail/output/binary_writer.hpp" />
		<Unit filename="../nlohmann/detail/output/output_adapters.hpp" />
		<Unit filename="../nlohmann/detail/output/serializer.hpp" />
		<Unit filename="../nlohmann/detail/value_t.hpp" />
		<Unit filename="../nlohmann/json.hpp" />
		<Unit filename="../nlohmann/json_fwd.hpp" />
		<Unit filename="Actor.h">
			<Option target="&lt;{~None~}&gt;" />
		</Unit>
		<Unit filename="Container.h" />
		<Unit filename="Entity.h" />
		<Unit filename="FlagControl.h">
			<Option target="&lt;{~None~}&gt;" />
		</Unit>
		<Unit filename="Item.cpp">
			<Option target="Debug" />
		</Unit>
		<Unit filename="Item.h" />
		<Unit filename="Part.h" />
		<Unit filename="TexturePacker.h" />
		<Unit filename="Tile.h" />
		<Unit filename="Util.h" />
		<Unit filename="Wearable.h">
			<Option target="&lt;{~None~}&gt;" />
		</Unit>
		<Unit filename="libs/LinkedList().h" />
		<Unit filename="libs/LinkedList.h" />
		<Unit filename="libs/Tree().h" />
		<Unit filename="libs/Tree.h" />
		<Unit filename="main.cpp" />
		<Extensions>
			<code_completion />
			<envvars />
			<debugger />
		</Extensions>
	</Project>
</CodeBlocks_project_file>
