<?xml version="1.0" encoding="UTF-8" standalone="yes" ?>
<CodeBlocks_project_file>
	<FileVersion major="1" minor="6" />
	<Project>
		<Option title="Cataclysm_AM" />
		<Option pch_mode="2" />
		<Option compiler="gcc" />
		<Build>
			<Target title="Debug">
				<Option output="bin/Debug/Cataclysm_AM" prefix_auto="1" extension_auto="1" />
				<Option object_output="obj/Debug/" />
				<Option type="1" />
				<Option compiler="gcc" />
				<Compiler>
					<Add option="-g" />
				</Compiler>
			</Target>
			<Target title="Release">
				<Option output="bin/Release/Cataclysm_AM" prefix_auto="1" extension_auto="1" />
				<Option object_output="obj/Release/" />
				<Option type="0" />
				<Option compiler="gcc" />
				<Compiler>
					<Add option="-O2" />
				</Compiler>
				<Linker>
					<Add option="-s" />
				</Linker>
			</Target>
		</Build>
		<Compiler>
			<Add option="-Wall" />
			<Add directory="C:/MinGW/SDL2/include" />
		</Compiler>
		<Linker>
			<Add library="mingw32" />
			<Add library="SDL2main" />
			<Add library="SDL2.dll" />
			<Add library="user32" />
			<Add library="gdi32" />
			<Add library="winmm" />
			<Add library="dxguid" />
			<Add directory="C:/MinGW/SDL2/lib" />
		</Linker>
		<ExtraCommands>
			<Add after="XCOPY $(#sdl2)\bin\*.dll $(TARGET_OUTPUT_DIR) /D /Y" />
		</ExtraCommands>
		<Unit filename="../libs/LinkedList().h" />
		<Unit filename="../libs/LinkedList.h" />
		<Unit filename="../libs/Tree().h" />
		<Unit filename="../libs/Tree.h" />
		<Unit filename="../libs/json.hpp" />
		<Unit filename="Action.h">
			<Option target="&lt;{~None~}&gt;" />
		</Unit>
		<Unit filename="Actor.h">
			<Option target="&lt;{~None~}&gt;" />
		</Unit>
		<Unit filename="Container.h" />
		<Unit filename="Database.cpp" />
		<Unit filename="Database.h">
			<Option target="&lt;{~None~}&gt;" />
		</Unit>
		<Unit filename="Entity.h" />
		<Unit filename="Exceptions.h">
			<Option target="&lt;{~None~}&gt;" />
		</Unit>
		<Unit filename="FlagControl.h">
			<Option target="&lt;{~None~}&gt;" />
		</Unit>
		<Unit filename="Item.cpp">
			<Option target="Debug" />
		</Unit>
		<Unit filename="Item.h" />
		<Unit filename="JsonParser.cpp">
			<Option target="Debug" />
		</Unit>
		<Unit filename="JsonParser.h">
			<Option target="&lt;{~None~}&gt;" />
		</Unit>
		<Unit filename="Magazine.h">
			<Option target="&lt;{~None~}&gt;" />
		</Unit>
		<Unit filename="TexturePacker.h" />
		<Unit filename="Tile.h" />
		<Unit filename="Util.cpp" />
		<Unit filename="Util.h" />
		<Unit filename="Wearable.h">
			<Option target="&lt;{~None~}&gt;" />
		</Unit>
		<Unit filename="main.cpp" />
		<Extensions>
			<code_completion />
			<envvars />
			<debugger />
		</Extensions>
	</Project>
</CodeBlocks_project_file>
